
Microsoft Visual Studio Solution File, Format Version 12.00
# Visual Studio 15
VisualStudioVersion = 15.0.28307.438
MinimumVisualStudioVersion = 10.0.40219.1
Project("{8BC9CEB8-8B4A-11D0-8D11-00A0C91BC942}") = "lab8lvl2", "lab8lvl2\lab8lvl2.vcxproj", "{0B26C438-8926-4E67-9B1B-EE36CE2F3CAA}"
EndProject
Global
	GlobalSection(SolutionConfigurationPlatforms) = preSolution
		Debug|x64 = Debug|x64
		Debug|x86 = Debug|x86
		Release|x64 = Release|x64
		Release|x86 = Release|x86
	EndGlobalSection
	GlobalSection(ProjectConfigurationPlatforms) = postSolution
		{0B26C438-8926-4E67-9B1B-EE36CE2F3CAA}.Debug|x64.ActiveCfg = Debug|x64
		{0B26C438-8926-4E67-9B1B-EE36CE2F3CAA}.Debug|x64.Build.0 = Debug|x64
		{0B26C438-8926-4E67-9B1B-EE36CE2F3CAA}.Debug|x86.ActiveCfg = Debug|Win32
		{0B26C438-8926-4E67-9B1B-EE36CE2F3CAA}.Debug|x86.Build.0 = Debug|Win32
		{0B26C438-8926-4E67-9B1B-EE36CE2F3CAA}.Release|x64.ActiveCfg = Release|x64
		{0B26C438-8926-4E67-9B1B-EE36CE2F3CAA}.Release|x64.Build.0 = Release|x64
		{0B26C438-8926-4E67-9B1B-EE36CE2F3CAA}.Release|x86.ActiveCfg = Release|Win32
		{0B26C438-8926-4E67-9B1B-EE36CE2F3CAA}.Release|x86.Build.0 = Release|Win32
	EndGlobalSection
	GlobalSection(SolutionProperties) = preSolution
		HideSolutionNode = FALSE
	EndGlobalSection
	GlobalSection(ExtensibilityGlobals) = postSolution
		SolutionGuid = {7203A883-5B0D-479A-9A27-E4ADFC591867}
	EndGlobalSection
EndGlobal
